
Microsoft Visual Studio Solution File, Format Version 12.00
# Visual Studio Version 17
VisualStudioVersion = 17.2.32526.322
MinimumVisualStudioVersion = 10.0.40219.1
Project("{FAE04EC0-301F-11D3-BF4B-00C04F79EFBC}") = "bot-fila-email", "bot-fila-email\bot-fila-email.csproj", "{4CD40F9E-E3B7-4FE5-818B-1E125B9BEF9F}"
EndProject
Global
	GlobalSection(SolutionConfigurationPlatforms) = preSolution
		Debug|Any CPU = Debug|Any CPU
		Release|Any CPU = Release|Any CPU
	EndGlobalSection
	GlobalSection(ProjectConfigurationPlatforms) = postSolution
		{4CD40F9E-E3B7-4FE5-818B-1E125B9BEF9F}.Debug|Any CPU.ActiveCfg = Debug|Any CPU
		{4CD40F9E-E3B7-4FE5-818B-1E125B9BEF9F}.Debug|Any CPU.Build.0 = Debug|Any CPU
		{4CD40F9E-E3B7-4FE5-818B-1E125B9BEF9F}.Release|Any CPU.ActiveCfg = Release|Any CPU
		{4CD40F9E-E3B7-4FE5-818B-1E125B9BEF9F}.Release|Any CPU.Build.0 = Release|Any CPU
	EndGlobalSection
	GlobalSection(SolutionProperties) = preSolution
		HideSolutionNode = FALSE
	EndGlobalSection
	GlobalSection(ExtensibilityGlobals) = postSolution
		SolutionGuid = {89316AB4-1B78-4431-A8FE-670590F9A02A}
	EndGlobalSection
EndGlobal
